# THIS IS AN AUTOGENERATED FILE. DO NOT EDIT THIS FILE DIRECTLY.
# yarn lockfile v1


lodash.chunk@^4.2.0:
  version "4.2.0"
  resolved "https://registry.yarnpkg.com/lodash.chunk/-/lodash.chunk-4.2.0.tgz#66e5ce1f76ed27b4303d8c6512e8d1216e8106bc"
  integrity sha1-ZuXOH3btJ7QwPYxlEujRIW6BBrw=

lodash.range@^3.2.0:
  version "3.2.0"
  resolved "https://registry.yarnpkg.com/lodash.range/-/lodash.range-3.2.0.tgz#f461e588f66683f7eadeade513e38a69a565a15d"
  integrity sha1-9GHliPZmg/fq3q3lE+OKaaVloV0=

lodash.uniq@^4.5.0:
  version "4.5.0"
  resolved "https://registry.yarnpkg.com/lodash.uniq/-/lodash.uniq-4.5.0.tgz#d0225373aeb652adc1bc82e4945339a842754773"
  integrity sha1-0CJTc662Uq3BvILklFM5qEJ1R3M=

n-ary-huffman@^4.0.0:
  version "4.0.0"
  resolved "https://registry.yarnpkg.com/n-ary-huffman/-/n-ary-huffman-4.0.0.tgz#a1b2efff0becf2d98b6591f31a29e0621b2d8320"
  integrity sha512-pEsEDhe1pr93O+asFOXN+MLi0qfKkDnVkkkFJWjbJJ2aljuYszo35QGOVkVimf7VVj5VDbZunLTWrsY3SHgN3g==
